// !$*UTF8*$!
{
	archiveVersion = 1;
	classes = {
	};
	objectVersion = 46;
	objects = {

/* Begin PBXBuildFile section */
		701C2A1D1E34540C008AB091 /* SaveBySqlite.m in Sources */ = {isa = PBXBuildFile; fileRef = 701C2A1C1E34540C008AB091 /* SaveBySqlite.m */; };
		701C2A201E345422008AB091 /* libsqlite3.tbd in Frameworks */ = {isa = PBXBuildFile; fileRef = 701C2A1F1E345422008AB091 /* libsqlite3.tbd */; };
		708CBC101E336D3600FE19DC /* main.m in Sources */ = {isa = PBXBuildFile; fileRef = 708CBC0F1E336D3600FE19DC /* main.m */; };
		708CBC131E336D3600FE19DC /* AppDelegate.m in Sources */ = {isa = PBXBuildFile; fileRef = 708CBC121E336D3600FE19DC /* AppDelegate.m */; };
		708CBC161E336D3600FE19DC /* ViewController.m in Sources */ = {isa = PBXBuildFile; fileRef = 708CBC151E336D3600FE19DC /* ViewController.m */; };
		708CBC191E336D3600FE19DC /* Main.storyboard in Resources */ = {isa = PBXBuildFile; fileRef = 708CBC171E336D3600FE19DC /* Main.storyboard */; };
		708CBC1B1E336D3600FE19DC /* Assets.xcassets in Resources */ = {isa = PBXBuildFile; fileRef = 708CBC1A1E336D3600FE19DC /* Assets.xcassets */; };
		708CBC1E1E336D3600FE19DC /* LaunchScreen.storyboard in Resources */ = {isa = PBXBuildFile; fileRef = 708CBC1C1E336D3600FE19DC /* LaunchScreen.storyboard */; };
		708CBC291E336D3600FE19DC /* CacheDemoTests.m in Sources */ = {isa = PBXBuildFile; fileRef = 708CBC281E336D3600FE19DC /* CacheDemoTests.m */; };
		708CBC341E336D3600FE19DC /* CacheDemoUITests.m in Sources */ = {isa = PBXBuildFile; fileRef = 708CBC331E336D3600FE19DC /* CacheDemoUITests.m */; };
		708CBC431E336D6C00FE19DC /* PlistCache.m in Sources */ = {isa = PBXBuildFile; fileRef = 708CBC421E336D6C00FE19DC /* PlistCache.m */; };
		708CBC471E33C06500FE19DC /* CircleLayout.m in Sources */ = {isa = PBXBuildFile; fileRef = 708CBC461E33C06500FE19DC /* CircleLayout.m */; };
/* End PBXBuildFile section */

/* Begin PBXContainerItemProxy section */
		708CBC251E336D3600FE19DC /* PBXContainerItemProxy */ = {
			isa = PBXContainerItemProxy;
			containerPortal = 708CBC031E336D3600FE19DC /* Project object */;
			proxyType = 1;
			remoteGlobalIDString = 708CBC0A1E336D3600FE19DC;
			remoteInfo = CacheDemo;
		};
		708CBC301E336D3600FE19DC /* PBXContainerItemProxy */ = {
			isa = PBXContainerItemProxy;
			containerPortal = 708CBC031E336D3600FE19DC /* Project object */;
			proxyType = 1;
			remoteGlobalIDString = 708CBC0A1E336D3600FE19DC;
			remoteInfo = CacheDemo;
		};
/* End PBXContainerItemProxy section */

/* Begin PBXFileReference section */
		701C2A1B1E34540C008AB091 /* SaveBySqlite.h */ = {isa = PBXFileReference; fileEncoding = 4; lastKnownFileType = sourcecode.c.h; path = SaveBySqlite.h; sourceTree = "<group>"; };
		701C2A1C1E34540C008AB091 /* SaveBySqlite.m */ = {isa = PBXFileReference; fileEncoding = 4; lastKnownFileType = sourcecode.c.objc; path = SaveBySqlite.m; sourceTree = "<group>"; };
		701C2A1F1E345422008AB091 /* libsqlite3.tbd */ = {isa = PBXFileReference; lastKnownFileType = "sourcecode.text-based-dylib-definition"; name = libsqlite3.tbd; path = usr/lib/libsqlite3.tbd; sourceTree = SDKROOT; };
		708CBC0B1E336D3600FE19DC /* CacheDemo.app */ = {isa = PBXFileReference; explicitFileType = wrapper.application; includeInIndex = 0; path = CacheDemo.app; sourceTree = BUILT_PRODUCTS_DIR; };
		708CBC0F1E336D3600FE19DC /* main.m */ = {isa = PBXFileReference; lastKnownFileType = sourcecode.c.objc; path = main.m; sourceTree = "<group>"; };
		708CBC111E336D3600FE19DC /* AppDelegate.h */ = {isa = PBXFileReference; lastKnownFileType = sourcecode.c.h; path = AppDelegate.h; sourceTree = "<group>"; };
		708CBC121E336D3600FE19DC /* AppDelegate.m */ = {isa = PBXFileReference; lastKnownFileType = sourcecode.c.objc; path = AppDelegate.m; sourceTree = "<group>"; };
		708CBC141E336D3600FE19DC /* ViewController.h */ = {isa = PBXFileReference; lastKnownFileType = sourcecode.c.h; path = ViewController.h; sourceTree = "<group>"; };
		708CBC151E336D3600FE19DC /* ViewController.m */ = {isa = PBXFileReference; lastKnownFileType = sourcecode.c.objc; path = ViewController.m; sourceTree = "<group>"; };
		708CBC181E336D3600FE19DC /* Base */ = {isa = PBXFileReference; lastKnownFileType = file.storyboard; name = Base; path = Base.lproj/Main.storyboard; sourceTree = "<group>"; };
		708CBC1A1E336D3600FE19DC /* Assets.xcassets */ = {isa = PBXFileReference; lastKnownFileType = folder.assetcatalog; path = Assets.xcassets; sourceTree = "<group>"; };
		708CBC1D1E336D3600FE19DC /* Base */ = {isa = PBXFileReference; lastKnownFileType = file.storyboard; name = Base; path = Base.lproj/LaunchScreen.storyboard; sourceTree = "<group>"; };
		708CBC1F1E336D3600FE19DC /* Info.plist */ = {isa = PBXFileReference; lastKnownFileType = text.plist.xml; path = Info.plist; sourceTree = "<group>"; };
		708CBC241E336D3600FE19DC /* CacheDemoTests.xctest */ = {isa = PBXFileReference; explicitFileType = wrapper.cfbundle; includeInIndex = 0; path = CacheDemoTests.xctest; sourceTree = BUILT_PRODUCTS_DIR; };
		708CBC281E336D3600FE19DC /* CacheDemoTests.m */ = {isa = PBXFileReference; lastKnownFileType = sourcecode.c.objc; path = CacheDemoTests.m; sourceTree = "<group>"; };
		708CBC2A1E336D3600FE19DC /* Info.plist */ = {isa = PBXFileReference; lastKnownFileType = text.plist.xml; path = Info.plist; sourceTree = "<group>"; };
		708CBC2F1E336D3600FE19DC /* CacheDemoUITests.xctest */ = {isa = PBXFileReference; explicitFileType = wrapper.cfbundle; includeInIndex = 0; path = CacheDemoUITests.xctest; sourceTree = BUILT_PRODUCTS_DIR; };
		708CBC331E336D3600FE19DC /* CacheDemoUITests.m */ = {isa = PBXFileReference; lastKnownFileType = sourcecode.c.objc; path = CacheDemoUITests.m; sourceTree = "<group>"; };
		708CBC351E336D3600FE19DC /* Info.plist */ = {isa = PBXFileReference; lastKnownFileType = text.plist.xml; path = Info.plist; sourceTree = "<group>"; };
		708CBC411E336D6C00FE19DC /* PlistCache.h */ = {isa = PBXFileReference; fileEncoding = 4; lastKnownFileType = sourcecode.c.h; path = PlistCache.h; sourceTree = "<group>"; };
		708CBC421E336D6C00FE19DC /* PlistCache.m */ = {isa = PBXFileReference; fileEncoding = 4; lastKnownFileType = sourcecode.c.objc; path = PlistCache.m; sourceTree = "<group>"; };
		708CBC441E33A40300FE19DC /* PreDefine.pch */ = {isa = PBXFileReference; lastKnownFileType = sourcecode.c.h; path = PreDefine.pch; sourceTree = "<group>"; };
		708CBC451E33C06500FE19DC /* CircleLayout.h */ = {isa = PBXFileReference; fileEncoding = 4; lastKnownFileType = sourcecode.c.h; path = CircleLayout.h; sourceTree = "<group>"; };
		708CBC461E33C06500FE19DC /* CircleLayout.m */ = {isa = PBXFileReference; fileEncoding = 4; lastKnownFileType = sourcecode.c.objc; path = CircleLayout.m; sourceTree = "<group>"; };
/* End PBXFileReference section */

/* Begin PBXFrameworksBuildPhase section */
		708CBC081E336D3600FE19DC /* Frameworks */ = {
			isa = PBXFrameworksBuildPhase;
			buildActionMask = 2147483647;
			files = (
				701C2A201E345422008AB091 /* libsqlite3.tbd in Frameworks */,
			);
			runOnlyForDeploymentPostprocessing = 0;
		};
		708CBC211E336D3600FE19DC /* Frameworks */ = {
			isa = PBXFrameworksBuildPhase;
			buildActionMask = 2147483647;
			files = (
			);
			runOnlyForDeploymentPostprocessing = 0;
		};
		708CBC2C1E336D3600FE19DC /* Frameworks */ = {
			isa = PBXFrameworksBuildPhase;
			buildActionMask = 2147483647;
			files = (
			);
			runOnlyForDeploymentPostprocessing = 0;
		};
/* End PBXFrameworksBuildPhase section */

/* Begin PBXGroup section */
		701C2A1E1E345422008AB091 /* Frameworks */ = {
			isa = PBXGroup;
			children = (
				701C2A1F1E345422008AB091 /* libsqlite3.tbd */,
			);
			name = Frameworks;
			sourceTree = "<group>";
		};
		708CBC021E336D3600FE19DC = {
			isa = PBXGroup;
			children = (
				708CBC0D1E336D3600FE19DC /* CacheDemo */,
				708CBC271E336D3600FE19DC /* CacheDemoTests */,
				708CBC321E336D3600FE19DC /* CacheDemoUITests */,
				708CBC0C1E336D3600FE19DC /* Products */,
				701C2A1E1E345422008AB091 /* Frameworks */,
			);
			sourceTree = "<group>";
		};
		708CBC0C1E336D3600FE19DC /* Products */ = {
			isa = PBXGroup;
			children = (
				708CBC0B1E336D3600FE19DC /* CacheDemo.app */,
				708CBC241E336D3600FE19DC /* CacheDemoTests.xctest */,
				708CBC2F1E336D3600FE19DC /* CacheDemoUITests.xctest */,
			);
			name = Products;
			sourceTree = "<group>";
		};
		708CBC0D1E336D3600FE19DC /* CacheDemo */ = {
			isa = PBXGroup;
			children = (
				708CBC111E336D3600FE19DC /* AppDelegate.h */,
				708CBC121E336D3600FE19DC /* AppDelegate.m */,
				708CBC141E336D3600FE19DC /* ViewController.h */,
				708CBC151E336D3600FE19DC /* ViewController.m */,
				708CBC411E336D6C00FE19DC /* PlistCache.h */,
				708CBC421E336D6C00FE19DC /* PlistCache.m */,
				701C2A1B1E34540C008AB091 /* SaveBySqlite.h */,
				701C2A1C1E34540C008AB091 /* SaveBySqlite.m */,
				708CBC451E33C06500FE19DC /* CircleLayout.h */,
				708CBC461E33C06500FE19DC /* CircleLayout.m */,
				708CBC171E336D3600FE19DC /* Main.storyboard */,
				708CBC1A1E336D3600FE19DC /* Assets.xcassets */,
				708CBC1C1E336D3600FE19DC /* LaunchScreen.storyboard */,
				708CBC1F1E336D3600FE19DC /* Info.plist */,
				708CBC0E1E336D3600FE19DC /* Supporting Files */,
				708CBC441E33A40300FE19DC /* PreDefine.pch */,
			);
			path = CacheDemo;
			sourceTree = "<group>";
		};
		708CBC0E1E336D3600FE19DC /* Supporting Files */ = {
			isa = PBXGroup;
			children = (
				708CBC0F1E336D3600FE19DC /* main.m */,
			);
			name = "Supporting Files";
			sourceTree = "<group>";
		};
		708CBC271E336D3600FE19DC /* CacheDemoTests */ = {
			isa = PBXGroup;
			children = (
				708CBC281E336D3600FE19DC /* CacheDemoTests.m */,
				708CBC2A1E336D3600FE19DC /* Info.plist */,
			);
			path = CacheDemoTests;
			sourceTree = "<group>";
		};
		708CBC321E336D3600FE19DC /* CacheDemoUITests */ = {
			isa = PBXGroup;
			children = (
				708CBC331E336D3600FE19DC /* CacheDemoUITests.m */,
				708CBC351E336D3600FE19DC /* Info.plist */,
			);
			path = CacheDemoUITests;
			sourceTree = "<group>";
		};
/* End PBXGroup section */

/* Begin PBXNativeTarget section */
		708CBC0A1E336D3600FE19DC /* CacheDemo */ = {
			isa = PBXNativeTarget;
			buildConfigurationList = 708CBC381E336D3600FE19DC /* Build configuration list for PBXNativeTarget "CacheDemo" */;
			buildPhases = (
				708CBC071E336D3600FE19DC /* Sources */,
				708CBC081E336D3600FE19DC /* Frameworks */,
				708CBC091E336D3600FE19DC /* Resources */,
			);
			buildRules = (
			);
			dependencies = (
			);
			name = CacheDemo;
			productName = CacheDemo;
			productReference = 708CBC0B1E336D3600FE19DC /* CacheDemo.app */;
			productType = "com.apple.product-type.application";
		};
		708CBC231E336D3600FE19DC /* CacheDemoTests */ = {
			isa = PBXNativeTarget;
			buildConfigurationList = 708CBC3B1E336D3600FE19DC /* Build configuration list for PBXNativeTarget "CacheDemoTests" */;
			buildPhases = (
				708CBC201E336D3600FE19DC /* Sources */,
				708CBC211E336D3600FE19DC /* Frameworks */,
				708CBC221E336D3600FE19DC /* Resources */,
			);
			buildRules = (
			);
			dependencies = (
				708CBC261E336D3600FE19DC /* PBXTargetDependency */,
			);
			name = CacheDemoTests;
			productName = CacheDemoTests;
			productReference = 708CBC241E336D3600FE19DC /* CacheDemoTests.xctest */;
			productType = "com.apple.product-type.bundle.unit-test";
		};
		708CBC2E1E336D3600FE19DC /* CacheDemoUITests */ = {
			isa = PBXNativeTarget;
			buildConfigurationList = 708CBC3E1E336D3600FE19DC /* Build configuration list for PBXNativeTarget "CacheDemoUITests" */;
			buildPhases = (
				708CBC2B1E336D3600FE19DC /* Sources */,
				708CBC2C1E336D3600FE19DC /* Frameworks */,
				708CBC2D1E336D3600FE19DC /* Resources */,
			);
			buildRules = (
			);
			dependencies = (
				708CBC311E336D3600FE19DC /* PBXTargetDependency */,
			);
			name = CacheDemoUITests;
			productName = CacheDemoUITests;
			productReference = 708CBC2F1E336D3600FE19DC /* CacheDemoUITests.xctest */;
			productType = "com.apple.product-type.bundle.ui-testing";
		};
/* End PBXNativeTarget section */

/* Begin PBXProject section */
		708CBC031E336D3600FE19DC /* Project object */ = {
			isa = PBXProject;
			attributes = {
				LastUpgradeCheck = 0820;
				ORGANIZATIONNAME = "黄露";
				TargetAttributes = {
					708CBC0A1E336D3600FE19DC = {
						CreatedOnToolsVersion = 8.2.1;
						ProvisioningStyle = Automatic;
					};
					708CBC231E336D3600FE19DC = {
						CreatedOnToolsVersion = 8.2.1;
						ProvisioningStyle = Automatic;
						TestTargetID = 708CBC0A1E336D3600FE19DC;
					};
					708CBC2E1E336D3600FE19DC = {
						CreatedOnToolsVersion = 8.2.1;
						ProvisioningStyle = Automatic;
						TestTargetID = 708CBC0A1E336D3600FE19DC;
					};
				};
			};
			buildConfigurationList = 708CBC061E336D3600FE19DC /* Build configuration list for PBXProject "CacheDemo" */;
			compatibilityVersion = "Xcode 3.2";
			developmentRegion = English;
			hasScannedForEncodings = 0;
			knownRegions = (
				en,
				Base,
			);
			mainGroup = 708CBC021E336D3600FE19DC;
			productRefGroup = 708CBC0C1E336D3600FE19DC /* Products */;
			projectDirPath = "";
			projectRoot = "";
			targets = (
				708CBC0A1E336D3600FE19DC /* CacheDemo */,
				708CBC231E336D3600FE19DC /* CacheDemoTests */,
				708CBC2E1E336D3600FE19DC /* CacheDemoUITests */,
			);
		};
/* End PBXProject section */

/* Begin PBXResourcesBuildPhase section */
		708CBC091E336D3600FE19DC /* Resources */ = {
			isa = PBXResourcesBuildPhase;
			buildActionMask = 2147483647;
			files = (
				708CBC1E1E336D3600FE19DC /* LaunchScreen.storyboard in Resources */,
				708CBC1B1E336D3600FE19DC /* Assets.xcassets in Resources */,
				708CBC191E336D3600FE19DC /* Main.storyboard in Resources */,
			);
			runOnlyForDeploymentPostprocessing = 0;
		};
		708CBC221E336D3600FE19DC /* Resources */ = {
			isa = PBXResourcesBuildPhase;
			buildActionMask = 2147483647;
			files = (
			);
			runOnlyForDeploymentPostprocessing = 0;
		};
		708CBC2D1E336D3600FE19DC /* Resources */ = {
			isa = PBXResourcesBuildPhase;
			buildActionMask = 2147483647;
			files = (
			);
			runOnlyForDeploymentPostprocessing = 0;
		};
/* End PBXResourcesBuildPhase section */

/* Begin PBXSourcesBuildPhase section */
		708CBC071E336D3600FE19DC /* Sources */ = {
			isa = PBXSourcesBuildPhase;
			buildActionMask = 2147483647;
			files = (
				708CBC161E336D3600FE19DC /* ViewController.m in Sources */,
				701C2A1D1E34540C008AB091 /* SaveBySqlite.m in Sources */,
				708CBC131E336D3600FE19DC /* AppDelegate.m in Sources */,
				708CBC101E336D3600FE19DC /* main.m in Sources */,
				708CBC471E33C06500FE19DC /* CircleLayout.m in Sources */,
				708CBC431E336D6C00FE19DC /* PlistCache.m in Sources */,
			);
			runOnlyForDeploymentPostprocessing = 0;
		};
		708CBC201E336D3600FE19DC /* Sources */ = {
			isa = PBXSourcesBuildPhase;
			buildActionMask = 2147483647;
			files = (
				708CBC291E336D3600FE19DC /* CacheDemoTests.m in Sources */,
			);
			runOnlyForDeploymentPostprocessing = 0;
		};
		708CBC2B1E336D3600FE19DC /* Sources */ = {
			isa = PBXSourcesBuildPhase;
			buildActionMask = 2147483647;
			files = (
				708CBC341E336D3600FE19DC /* CacheDemoUITests.m in Sources */,
			);
			runOnlyForDeploymentPostprocessing = 0;
		};
/* End PBXSourcesBuildPhase section */

/* Begin PBXTargetDependency section */
		708CBC261E336D3600FE19DC /* PBXTargetDependency */ = {
			isa = PBXTargetDependency;
			target = 708CBC0A1E336D3600FE19DC /* CacheDemo */;
			targetProxy = 708CBC251E336D3600FE19DC /* PBXContainerItemProxy */;
		};
		708CBC311E336D3600FE19DC /* PBXTargetDependency */ = {
			isa = PBXTargetDependency;
			target = 708CBC0A1E336D3600FE19DC /* CacheDemo */;
			targetProxy = 708CBC301E336D3600FE19DC /* PBXContainerItemProxy */;
		};
/* End PBXTargetDependency section */

/* Begin PBXVariantGroup section */
		708CBC171E336D3600FE19DC /* Main.storyboard */ = {
			isa = PBXVariantGroup;
			children = (
				708CBC181E336D3600FE19DC /* Base */,
			);
			name = Main.storyboard;
			sourceTree = "<group>";
		};
		708CBC1C1E336D3600FE19DC /* LaunchScreen.storyboard */ = {
			isa = PBXVariantGroup;
			children = (
				708CBC1D1E336D3600FE19DC /* Base */,
			);
			name = LaunchScreen.storyboard;
			sourceTree = "<group>";
		};
/* End PBXVariantGroup section */

/* Begin XCBuildConfiguration section */
		708CBC361E336D3600FE19DC /* Debug */ = {
			isa = XCBuildConfiguration;
			buildSettings = {
				ALWAYS_SEARCH_USER_PATHS = NO;
				CLANG_ANALYZER_NONNULL = YES;
				CLANG_CXX_LANGUAGE_STANDARD = "gnu++0x";
				CLANG_CXX_LIBRARY = "libc++";
				CLANG_ENABLE_MODULES = YES;
				CLANG_ENABLE_OBJC_ARC = YES;
				CLANG_WARN_BOOL_CONVERSION = YES;
				CLANG_WARN_CONSTANT_CONVERSION = YES;
				CLANG_WARN_DIRECT_OBJC_ISA_USAGE = YES_ERROR;
				CLANG_WARN_DOCUMENTATION_COMMENTS = YES;
				CLANG_WARN_EMPTY_BODY = YES;
				CLANG_WARN_ENUM_CONVERSION = YES;
				CLANG_WARN_INFINITE_RECURSION = YES;
				CLANG_WARN_INT_CONVERSION = YES;
				CLANG_WARN_OBJC_ROOT_CLASS = YES_ERROR;
				CLANG_WARN_SUSPICIOUS_MOVE = YES;
				CLANG_WARN_UNREACHABLE_CODE = YES;
				CLANG_WARN__DUPLICATE_METHOD_MATCH = YES;
				"CODE_SIGN_IDENTITY[sdk=iphoneos*]" = "iPhone Developer";
				COPY_PHASE_STRIP = NO;
				DEBUG_INFORMATION_FORMAT = dwarf;
				ENABLE_STRICT_OBJC_MSGSEND = YES;
				ENABLE_TESTABILITY = YES;
				GCC_C_LANGUAGE_STANDARD = gnu99;
				GCC_DYNAMIC_NO_PIC = NO;
				GCC_NO_COMMON_BLOCKS = YES;
				GCC_OPTIMIZATION_LEVEL = 0;
				GCC_PREPROCESSOR_DEFINITIONS = (
					"DEBUG=1",
					"$(inherited)",
				);
				GCC_WARN_64_TO_32_BIT_CONVERSION = YES;
				GCC_WARN_ABOUT_RETURN_TYPE = YES_ERROR;
				GCC_WARN_UNDECLARED_SELECTOR = YES;
				GCC_WARN_UNINITIALIZED_AUTOS = YES_AGGRESSIVE;
				GCC_WARN_UNUSED_FUNCTION = YES;
				GCC_WARN_UNUSED_VARIABLE = YES;
				IPHONEOS_DEPLOYMENT_TARGET = 10.2;
				MTL_ENABLE_DEBUG_INFO = YES;
				ONLY_ACTIVE_ARCH = YES;
				SDKROOT = iphoneos;
				TARGETED_DEVICE_FAMILY = "1,2";
			};
			name = Debug;
		};
		708CBC371E336D3600FE19DC /* Release */ = {
			isa = XCBuildConfiguration;
			buildSettings = {
				ALWAYS_SEARCH_USER_PATHS = NO;
				CLANG_ANALYZER_NONNULL = YES;
				CLANG_CXX_LANGUAGE_STANDARD = "gnu++0x";
				CLANG_CXX_LIBRARY = "libc++";
				CLANG_ENABLE_MODULES = YES;
				CLANG_ENABLE_OBJC_ARC = YES;
				CLANG_WARN_BOOL_CONVERSION = YES;
				CLANG_WARN_CONSTANT_CONVERSION = YES;
				CLANG_WARN_DIRECT_OBJC_ISA_USAGE = YES_ERROR;
				CLANG_WARN_DOCUMENTATION_COMMENTS = YES;
				CLANG_WARN_EMPTY_BODY = YES;
				CLANG_WARN_ENUM_CONVERSION = YES;
				CLANG_WARN_INFINITE_RECURSION = YES;
				CLANG_WARN_INT_CONVERSION = YES;
				CLANG_WARN_OBJC_ROOT_CLASS = YES_ERROR;
				CLANG_WARN_SUSPICIOUS_MOVE = YES;
				CLANG_WARN_UNREACHABLE_CODE = YES;
				CLANG_WARN__DUPLICATE_METHOD_MATCH = YES;
				"CODE_SIGN_IDENTITY[sdk=iphoneos*]" = "iPhone Developer";
				COPY_PHASE_STRIP = NO;
				DEBUG_INFORMATION_FORMAT = "dwarf-with-dsym";
				ENABLE_NS_ASSERTIONS = NO;
				ENABLE_STRICT_OBJC_MSGSEND = YES;
				GCC_C_LANGUAGE_STANDARD = gnu99;
				GCC_NO_COMMON_BLOCKS = YES;
				GCC_WARN_64_TO_32_BIT_CONVERSION = YES;
				GCC_WARN_ABOUT_RETURN_TYPE = YES_ERROR;
				GCC_WARN_UNDECLARED_SELECTOR = YES;
				GCC_WARN_UNINITIALIZED_AUTOS = YES_AGGRESSIVE;
				GCC_WARN_UNUSED_FUNCTION = YES;
				GCC_WARN_UNUSED_VARIABLE = YES;
				IPHONEOS_DEPLOYMENT_TARGET = 10.2;
				MTL_ENABLE_DEBUG_INFO = NO;
				SDKROOT = iphoneos;
				TARGETED_DEVICE_FAMILY = "1,2";
				VALIDATE_PRODUCT = YES;
			};
			name = Release;
		};
		708CBC391E336D3600FE19DC /* Debug */ = {
			isa = XCBuildConfiguration;
			buildSettings = {
				ASSETCATALOG_COMPILER_APPICON_NAME = AppIcon;
				GCC_PREFIX_HEADER = "${SRCROOT}/CacheDemo/PreDefine.pch";
				INFOPLIST_FILE = CacheDemo/Info.plist;
				LD_RUNPATH_SEARCH_PATHS = "$(inherited) @executable_path/Frameworks";
				PRODUCT_BUNDLE_IDENTIFIER = zlzf.com.CacheDemo;
				PRODUCT_NAME = "$(TARGET_NAME)";
			};
			name = Debug;
		};
		708CBC3A1E336D3600FE19DC /* Release */ = {
			isa = XCBuildConfiguration;
			buildSettings = {
				ASSETCATALOG_COMPILER_APPICON_NAME = AppIcon;
				GCC_PREFIX_HEADER = "${SRCROOT}/CacheDemo/PreDefine.pch";
				INFOPLIST_FILE = CacheDemo/Info.plist;
				LD_RUNPATH_SEARCH_PATHS = "$(inherited) @executable_path/Frameworks";
				PRODUCT_BUNDLE_IDENTIFIER = zlzf.com.CacheDemo;
				PRODUCT_NAME = "$(TARGET_NAME)";
			};
			name = Release;
		};
		708CBC3C1E336D3600FE19DC /* Debug */ = {
			isa = XCBuildConfiguration;
			buildSettings = {
				BUNDLE_LOADER = "$(TEST_HOST)";
				INFOPLIST_FILE = CacheDemoTests/Info.plist;
				LD_RUNPATH_SEARCH_PATHS = "$(inherited) @executable_path/Frameworks @loader_path/Frameworks";
				PRODUCT_BUNDLE_IDENTIFIER = zlzf.com.CacheDemoTests;
				PRODUCT_NAME = "$(TARGET_NAME)";
				TEST_HOST = "$(BUILT_PRODUCTS_DIR)/CacheDemo.app/CacheDemo";
			};
			name = Debug;
		};
		708CBC3D1E336D3600FE19DC /* Release */ = {
			isa = XCBuildConfiguration;
			buildSettings = {
				BUNDLE_LOADER = "$(TEST_HOST)";
				INFOPLIST_FILE = CacheDemoTests/Info.plist;
				LD_RUNPATH_SEARCH_PATHS = "$(inherited) @executable_path/Frameworks @loader_path/Frameworks";
				PRODUCT_BUNDLE_IDENTIFIER = zlzf.com.CacheDemoTests;
				PRODUCT_NAME = "$(TARGET_NAME)";
				TEST_HOST = "$(BUILT_PRODUCTS_DIR)/CacheDemo.app/CacheDemo";
			};
			name = Release;
		};
		708CBC3F1E336D3600FE19DC /* Debug */ = {
			isa = XCBuildConfiguration;
			buildSettings = {
				INFOPLIST_FILE = CacheDemoUITests/Info.plist;
				LD_RUNPATH_SEARCH_PATHS = "$(inherited) @executable_path/Frameworks @loader_path/Frameworks";
				PRODUCT_BUNDLE_IDENTIFIER = zlzf.com.CacheDemoUITests;
				PRODUCT_NAME = "$(TARGET_NAME)";
				TEST_TARGET_NAME = CacheDemo;
			};
			name = Debug;
		};
		708CBC401E336D3600FE19DC /* Release */ = {
			isa = XCBuildConfiguration;
			buildSettings = {
				INFOPLIST_FILE = CacheDemoUITests/Info.plist;
				LD_RUNPATH_SEARCH_PATHS = "$(inherited) @executable_path/Frameworks @loader_path/Frameworks";
				PRODUCT_BUNDLE_IDENTIFIER = zlzf.com.CacheDemoUITests;
				PRODUCT_NAME = "$(TARGET_NAME)";
				TEST_TARGET_NAME = CacheDemo;
			};
			name = Release;
		};
/* End XCBuildConfiguration section */

/* Begin XCConfigurationList section */
		708CBC061E336D3600FE19DC /* Build configuration list for PBXProject "CacheDemo" */ = {
			isa = XCConfigurationList;
			buildConfigurations = (
				708CBC361E336D3600FE19DC /* Debug */,
				708CBC371E336D3600FE19DC /* Release */,
			);
			defaultConfigurationIsVisible = 0;
			defaultConfigurationName = Release;
		};
		708CBC381E336D3600FE19DC /* Build configuration list for PBXNativeTarget "CacheDemo" */ = {
			isa = XCConfigurationList;
			buildConfigurations = (
				708CBC391E336D3600FE19DC /* Debug */,
				708CBC3A1E336D3600FE19DC /* Release */,
			);
			defaultConfigurationIsVisible = 0;
			defaultConfigurationName = Release;
		};
		708CBC3B1E336D3600FE19DC /* Build configuration list for PBXNativeTarget "CacheDemoTests" */ = {
			isa = XCConfigurationList;
			buildConfigurations = (
				708CBC3C1E336D3600FE19DC /* Debug */,
				708CBC3D1E336D3600FE19DC /* Release */,
			);
			defaultConfigurationIsVisible = 0;
			defaultConfigurationName = Release;
		};
		708CBC3E1E336D3600FE19DC /* Build configuration list for PBXNativeTarget "CacheDemoUITests" */ = {
			isa = XCConfigurationList;
			buildConfigurations = (
				708CBC3F1E336D3600FE19DC /* Debug */,
				708CBC401E336D3600FE19DC /* Release */,
			);
			defaultConfigurationIsVisible = 0;
			defaultConfigurationName = Release;
		};
/* End XCConfigurationList section */
	};
	rootObject = 708CBC031E336D3600FE19DC /* Project object */;
}
